
Microsoft Visual Studio Solution File, Format Version 12.00
# Visual Studio Version 17
VisualStudioVersion = 17.14.36221.1 d17.14
MinimumVisualStudioVersion = 10.0.40219.1
Project("{FAE04EC0-301F-11D3-BF4B-00C04F79EFBC}") = "Mini_LMS", "Mini_LMS\Mini_LMS.csproj", "{FE465262-6E5E-42DE-A6C0-9994E817007F}"
EndProject
Global
	GlobalSection(SolutionConfigurationPlatforms) = preSolution
		Debug|Any CPU = Debug|Any CPU
		Release|Any CPU = Release|Any CPU
	EndGlobalSection
	GlobalSection(ProjectConfigurationPlatforms) = postSolution
		{FE465262-6E5E-42DE-A6C0-9994E817007F}.Debug|Any CPU.ActiveCfg = Debug|Any CPU
		{FE465262-6E5E-42DE-A6C0-9994E817007F}.Debug|Any CPU.Build.0 = Debug|Any CPU
		{FE465262-6E5E-42DE-A6C0-9994E817007F}.Release|Any CPU.ActiveCfg = Release|Any CPU
		{FE465262-6E5E-42DE-A6C0-9994E817007F}.Release|Any CPU.Build.0 = Release|Any CPU
	EndGlobalSection
	GlobalSection(SolutionProperties) = preSolution
		HideSolutionNode = FALSE
	EndGlobalSection
	GlobalSection(ExtensibilityGlobals) = postSolution
		SolutionGuid = {B90D158D-C915-4696-8BE2-562CBF04168A}
	EndGlobalSection
EndGlobal
